
Microsoft Visual Studio Solution File, Format Version 12.00
# Visual Studio Version 17
VisualStudioVersion = 17.7.34024.191
MinimumVisualStudioVersion = 10.0.40219.1
Project("{FAE04EC0-301F-11D3-BF4B-00C04F79EFBC}") = "WebSocketServer", "WebSocketServer\WebSocketServer.csproj", "{9F7D9934-14EC-4564-BB9E-097FD8E43F0F}"
EndProject
Project("{FAE04EC0-301F-11D3-BF4B-00C04F79EFBC}") = "WebSocketClient", "WebSocketClient\WebSocketClient.csproj", "{27A40C48-DCF7-4653-A612-192280F78609}"
EndProject
Global
	GlobalSection(SolutionConfigurationPlatforms) = preSolution
		Debug|Any CPU = Debug|Any CPU
		Release|Any CPU = Release|Any CPU
	EndGlobalSection
	GlobalSection(ProjectConfigurationPlatforms) = postSolution
		{9F7D9934-14EC-4564-BB9E-097FD8E43F0F}.Debug|Any CPU.ActiveCfg = Debug|Any CPU
		{9F7D9934-14EC-4564-BB9E-097FD8E43F0F}.Debug|Any CPU.Build.0 = Debug|Any CPU
		{9F7D9934-14EC-4564-BB9E-097FD8E43F0F}.Release|Any CPU.ActiveCfg = Release|Any CPU
		{9F7D9934-14EC-4564-BB9E-097FD8E43F0F}.Release|Any CPU.Build.0 = Release|Any CPU
		{27A40C48-DCF7-4653-A612-192280F78609}.Debug|Any CPU.ActiveCfg = Debug|Any CPU
		{27A40C48-DCF7-4653-A612-192280F78609}.Debug|Any CPU.Build.0 = Debug|Any CPU
		{27A40C48-DCF7-4653-A612-192280F78609}.Release|Any CPU.ActiveCfg = Release|Any CPU
		{27A40C48-DCF7-4653-A612-192280F78609}.Release|Any CPU.Build.0 = Release|Any CPU
	EndGlobalSection
	GlobalSection(SolutionProperties) = preSolution
		HideSolutionNode = FALSE
	EndGlobalSection
	GlobalSection(ExtensibilityGlobals) = postSolution
		SolutionGuid = {2746081C-044E-4C67-87D8-363DE79F3580}
	EndGlobalSection
EndGlobal
